# This file is autogenerated, do not edit; changes may be undone by the next 'dep ensure'.


[[projects]]
  digest = "1:e91d8c8ab634bff7141df8d55c1b20732b85e7b4617ce78567992209cd30a7b8"
  name = "github.com/coreos/etcd"
  packages = [
    "Godeps/_workspace/src/github.com/gogo/protobuf/proto",
    "Godeps/_workspace/src/github.com/golang/protobuf/proto",
    "Godeps/_workspace/src/golang.org/x/net/context",
    "Godeps/_workspace/src/golang.org/x/net/http2",
    "Godeps/_workspace/src/golang.org/x/net/http2/hpack",
    "Godeps/_workspace/src/golang.org/x/net/internal/timeseries",
    "Godeps/_workspace/src/golang.org/x/net/trace",
    "Godeps/_workspace/src/google.golang.org/grpc",
    "Godeps/_workspace/src/google.golang.org/grpc/codes",
    "Godeps/_workspace/src/google.golang.org/grpc/credentials",
    "Godeps/_workspace/src/google.golang.org/grpc/grpclog",
    "Godeps/_workspace/src/google.golang.org/grpc/metadata",
    "Godeps/_workspace/src/google.golang.org/grpc/naming",
    "Godeps/_workspace/src/google.golang.org/grpc/peer",
    "Godeps/_workspace/src/google.golang.org/grpc/transport",
    "etcdserver/api/v3rpc/rpctypes",
    "etcdserver/etcdserverpb",
    "storage/storagepb",
  ]
  pruneopts = "UT"
  revision = "7e4fc7eaa931298732c880a703bccc9c177ae1de"
  version = "v2.3.8"

[[projects]]
  digest = "1:0b8d86f074869a0e1c6293773bfafea7515752d28b49921f8e3f889158c921de"
  name = "github.com/tidwall/redcon"
  packages = ["."]
  pruneopts = "UT"
  revision = "c964c660adb68a16a0f890ceb01d25e05d0ab49e"
  version = "v1.0.0"

[[projects]]
  digest = "1:b270c8f69be51919003000fa1ebd983e44325007ab00b7d7b305a92eb0102d3d"
  name = "go.etcd.io/etcd"
  packages = ["clientv3"]
  pruneopts = "UT"
  revision = "7e4fc7eaa931298732c880a703bccc9c177ae1de"
  version = "v2.3.8"

[solve-meta]
  analyzer-name = "dep"
  analyzer-version = 1
  input-imports = [
    "github.com/tidwall/redcon",
    "go.etcd.io/etcd/clientv3",
  ]
  solver-name = "gps-cdcl"
  solver-version = 1
