# This file is autogenerated, do not edit; changes may be undone by the next 'dep ensure'.


[[projects]]
  digest = "1:ef6272d22ed872caf0a954e5ed5fe3bfd25651ada5a11972339391fe9030a02c"
  name = "github.com/bsm/redeo"
  packages = [
    ".",
    "info",
    "resp",
  ]
  pruneopts = "UT"
  revision = "d64971c0b0d0025e1ce958a6bfaf3e854fb613b5"
  version = "v2.2.1"

[solve-meta]
  analyzer-name = "dep"
  analyzer-version = 1
  input-imports = [
    "github.com/bsm/redeo",
    "github.com/bsm/redeo/resp",
  ]
  solver-name = "gps-cdcl"
  solver-version = 1
